lockfileVersion: '6.0'

settings:
  autoInstallPeers: true
  excludeLinksFromLockfile: false

devDependencies:
  '@ngneat/falso':
    specifier: ^7.0.1
    version: 7.0.1

packages:

  /@ngneat/falso@7.0.1:
    resolution: {integrity: sha512-ngiUBnDQfohetsGz7fkgokQJKdbJBezi6fWMiBMyB7AUEgKGo4TfPzn1EGswyVtMW69NNMuxKdEXbLbF8af3oA==}
    dependencies:
      seedrandom: 3.0.5
      uuid: 8.3.2
    dev: true

  /seedrandom@3.0.5:
    resolution: {integrity: sha512-8OwmbklUNzwezjGInmZ+2clQmExQPvomqjL7LFqOYqtmuxRgQYqOD3mHaU+MvZn5FLUeVxVfQjwLZW/n/JFuqg==}
    dev: true

  /uuid@8.3.2:
    resolution: {integrity: sha512-+NYs2QeMWy+GWFOEm9xnn6HCDp0l7QBD7ml8zLUmJ+93Q5NF0NocErnwkTkXVFNiX3/fpC6afS8Dhb/gz7R7eg==}
    hasBin: true
    dev: true
